
Microsoft Visual Studio Solution File, Format Version 12.00
# Visual Studio Version 17
VisualStudioVersion = 17.1.32228.430
MinimumVisualStudioVersion = 10.0.40219.1
Project("{8BC9CEB8-8B4A-11D0-8D11-00A0C91BC942}") = "GroupF", "GroupF.vcxproj", "{9CB19602-1A60-4713-B69C-6B60A2AB68FB}"
EndProject
Global
	GlobalSection(SolutionConfigurationPlatforms) = preSolution
		Debug|x64 = Debug|x64
		Debug|x86 = Debug|x86
		Release|x64 = Release|x64
		Release|x86 = Release|x86
	EndGlobalSection
	GlobalSection(ProjectConfigurationPlatforms) = postSolution
		{9CB19602-1A60-4713-B69C-6B60A2AB68FB}.Debug|x64.ActiveCfg = Debug|x64
		{9CB19602-1A60-4713-B69C-6B60A2AB68FB}.Debug|x64.Build.0 = Debug|x64
		{9CB19602-1A60-4713-B69C-6B60A2AB68FB}.Debug|x86.ActiveCfg = Debug|Win32
		{9CB19602-1A60-4713-B69C-6B60A2AB68FB}.Debug|x86.Build.0 = Debug|Win32
		{9CB19602-1A60-4713-B69C-6B60A2AB68FB}.Release|x64.ActiveCfg = Release|x64
		{9CB19602-1A60-4713-B69C-6B60A2AB68FB}.Release|x64.Build.0 = Release|x64
		{9CB19602-1A60-4713-B69C-6B60A2AB68FB}.Release|x86.ActiveCfg = Release|Win32
		{9CB19602-1A60-4713-B69C-6B60A2AB68FB}.Release|x86.Build.0 = Release|Win32
	EndGlobalSection
	GlobalSection(SolutionProperties) = preSolution
		HideSolutionNode = FALSE
	EndGlobalSection
	GlobalSection(ExtensibilityGlobals) = postSolution
		SolutionGuid = {BBA3AFCE-FCC4-4B1C-A476-B40CAC428A3C}
	EndGlobalSection
EndGlobal
